
Microsoft Visual Studio Solution File, Format Version 12.00
# Visual Studio Version 17
VisualStudioVersion = 17.1.32414.318
MinimumVisualStudioVersion = 10.0.40219.1
Project("{9A19103F-16F7-4668-BE54-9A1E7A4F7556}") = "DataAccessLayer", "DataAccessLayer\DataAccessLayer.csproj", "{6881E476-DF94-44CB-8579-91D305DDBF5E}"
EndProject
Project("{9A19103F-16F7-4668-BE54-9A1E7A4F7556}") = "Tests", "Tests\Tests.csproj", "{038604C5-FEC8-441E-A418-468BC5BC5629}"
EndProject
Project("{FAE04EC0-301F-11D3-BF4B-00C04F79EFBC}") = "ConsoleTesting", "ConsoleTesting\ConsoleTesting.csproj", "{5628C725-B211-40F3-8C9D-0813312C9F27}"
EndProject
Global
	GlobalSection(SolutionConfigurationPlatforms) = preSolution
		Debug|Any CPU = Debug|Any CPU
		Release|Any CPU = Release|Any CPU
	EndGlobalSection
	GlobalSection(ProjectConfigurationPlatforms) = postSolution
		{6881E476-DF94-44CB-8579-91D305DDBF5E}.Debug|Any CPU.ActiveCfg = Debug|Any CPU
		{6881E476-DF94-44CB-8579-91D305DDBF5E}.Debug|Any CPU.Build.0 = Debug|Any CPU
		{6881E476-DF94-44CB-8579-91D305DDBF5E}.Release|Any CPU.ActiveCfg = Release|Any CPU
		{6881E476-DF94-44CB-8579-91D305DDBF5E}.Release|Any CPU.Build.0 = Release|Any CPU
		{038604C5-FEC8-441E-A418-468BC5BC5629}.Debug|Any CPU.ActiveCfg = Debug|Any CPU
		{038604C5-FEC8-441E-A418-468BC5BC5629}.Debug|Any CPU.Build.0 = Debug|Any CPU
		{038604C5-FEC8-441E-A418-468BC5BC5629}.Release|Any CPU.ActiveCfg = Release|Any CPU
		{038604C5-FEC8-441E-A418-468BC5BC5629}.Release|Any CPU.Build.0 = Release|Any CPU
		{5628C725-B211-40F3-8C9D-0813312C9F27}.Debug|Any CPU.ActiveCfg = Debug|Any CPU
		{5628C725-B211-40F3-8C9D-0813312C9F27}.Debug|Any CPU.Build.0 = Debug|Any CPU
		{5628C725-B211-40F3-8C9D-0813312C9F27}.Release|Any CPU.ActiveCfg = Release|Any CPU
		{5628C725-B211-40F3-8C9D-0813312C9F27}.Release|Any CPU.Build.0 = Release|Any CPU
	EndGlobalSection
	GlobalSection(SolutionProperties) = preSolution
		HideSolutionNode = FALSE
	EndGlobalSection
	GlobalSection(ExtensibilityGlobals) = postSolution
		SolutionGuid = {74D0C0EC-7FDD-45B6-99D2-6D94FABF592F}
	EndGlobalSection
EndGlobal
